
Microsoft Visual Studio Solution File, Format Version 12.00
# Visual Studio 15
VisualStudioVersion = 15.0.28307.757
MinimumVisualStudioVersion = 10.0.40219.1
Project("{FAE04EC0-301F-11D3-BF4B-00C04F79EFBC}") = "ClassicalSortingAlgos", "ClassicalSortingAlgos\ClassicalSortingAlgos.csproj", "{C71E9765-713C-409D-8499-F10DA15203C7}"
EndProject
Global
	GlobalSection(SolutionConfigurationPlatforms) = preSolution
		Debug|Any CPU = Debug|Any CPU
		Release|Any CPU = Release|Any CPU
	EndGlobalSection
	GlobalSection(ProjectConfigurationPlatforms) = postSolution
		{C71E9765-713C-409D-8499-F10DA15203C7}.Debug|Any CPU.ActiveCfg = Debug|Any CPU
		{C71E9765-713C-409D-8499-F10DA15203C7}.Debug|Any CPU.Build.0 = Debug|Any CPU
		{C71E9765-713C-409D-8499-F10DA15203C7}.Release|Any CPU.ActiveCfg = Release|Any CPU
		{C71E9765-713C-409D-8499-F10DA15203C7}.Release|Any CPU.Build.0 = Release|Any CPU
	EndGlobalSection
	GlobalSection(SolutionProperties) = preSolution
		HideSolutionNode = FALSE
	EndGlobalSection
	GlobalSection(ExtensibilityGlobals) = postSolution
		SolutionGuid = {98D1E089-7529-4D01-B606-EC3B82E7D0AD}
	EndGlobalSection
EndGlobal
